
Microsoft Visual Studio Solution File, Format Version 12.00
# Visual Studio 14
VisualStudioVersion = 14.0.24720.0
MinimumVisualStudioVersion = 10.0.40219.1
Project("{FAE04EC0-301F-11D3-BF4B-00C04F79EFBC}") = "PhysicsIntegrationTests", "PhysicsIntegrationTests\PhysicsIntegrationTests.csproj", "{6EC3CE41-FF1D-4B48-AE56-5BC91F83DA95}"
EndProject
Project("{FAE04EC0-301F-11D3-BF4B-00C04F79EFBC}") = "MathTests", "MathTests\MathTests.csproj", "{9ED2F325-69A1-4150-A7DE-E9A992A528DE}"
EndProject
Project("{FAE04EC0-301F-11D3-BF4B-00C04F79EFBC}") = "Physics3D", "Physics3D\Physics3D.csproj", "{EF091E27-1ADC-438B-AFE8-1B1BD11C43E1}"
EndProject
Project("{FAE04EC0-301F-11D3-BF4B-00C04F79EFBC}") = "Math3D", "Math3D\Math3D.csproj", "{F0FF2BBC-425A-4DEB-AB0D-590B54E02EF3}"
EndProject
Project("{FAE04EC0-301F-11D3-BF4B-00C04F79EFBC}") = "PhysicsTests", "PhysicsTests\PhysicsTests.csproj", "{1850D539-6DCD-46C3-B229-D14B3960AA5C}"
EndProject
Project("{FAE04EC0-301F-11D3-BF4B-00C04F79EFBC}") = "Util", "Util\Util.csproj", "{AF19557C-9EA0-415E-831A-0F14C243FF8B}"
EndProject
Project("{FAE04EC0-301F-11D3-BF4B-00C04F79EFBC}") = "Visualization", "BasicVisualization\Visualization.csproj", "{D43CF0D8-2CD3-41EC-A4BF-6CA881E616DB}"
EndProject
Project("{FAE04EC0-301F-11D3-BF4B-00C04F79EFBC}") = "OpenGLVisualization", "OpenGLVisualization\OpenGLVisualization.csproj", "{00855522-5B2D-4868-9103-7ABAB16783F0}"
EndProject
Project("{FAE04EC0-301F-11D3-BF4B-00C04F79EFBC}") = "VisTests", "VisTests\VisTests.csproj", "{B0B824F4-0D7D-4CC3-B5E9-6B5E3A69BE7B}"
EndProject
Global
	GlobalSection(SolutionConfigurationPlatforms) = preSolution
		Debug|Any CPU = Debug|Any CPU
		Release|Any CPU = Release|Any CPU
	EndGlobalSection
	GlobalSection(ProjectConfigurationPlatforms) = postSolution
		{6EC3CE41-FF1D-4B48-AE56-5BC91F83DA95}.Debug|Any CPU.ActiveCfg = Debug|Any CPU
		{6EC3CE41-FF1D-4B48-AE56-5BC91F83DA95}.Debug|Any CPU.Build.0 = Debug|Any CPU
		{6EC3CE41-FF1D-4B48-AE56-5BC91F83DA95}.Release|Any CPU.ActiveCfg = Release|Any CPU
		{6EC3CE41-FF1D-4B48-AE56-5BC91F83DA95}.Release|Any CPU.Build.0 = Release|Any CPU
		{9ED2F325-69A1-4150-A7DE-E9A992A528DE}.Debug|Any CPU.ActiveCfg = Debug|Any CPU
		{9ED2F325-69A1-4150-A7DE-E9A992A528DE}.Debug|Any CPU.Build.0 = Debug|Any CPU
		{9ED2F325-69A1-4150-A7DE-E9A992A528DE}.Release|Any CPU.ActiveCfg = Release|Any CPU
		{9ED2F325-69A1-4150-A7DE-E9A992A528DE}.Release|Any CPU.Build.0 = Release|Any CPU
		{EF091E27-1ADC-438B-AFE8-1B1BD11C43E1}.Debug|Any CPU.ActiveCfg = Debug|Any CPU
		{EF091E27-1ADC-438B-AFE8-1B1BD11C43E1}.Debug|Any CPU.Build.0 = Debug|Any CPU
		{EF091E27-1ADC-438B-AFE8-1B1BD11C43E1}.Release|Any CPU.ActiveCfg = Release|Any CPU
		{EF091E27-1ADC-438B-AFE8-1B1BD11C43E1}.Release|Any CPU.Build.0 = Release|Any CPU
		{F0FF2BBC-425A-4DEB-AB0D-590B54E02EF3}.Debug|Any CPU.ActiveCfg = Debug|Any CPU
		{F0FF2BBC-425A-4DEB-AB0D-590B54E02EF3}.Debug|Any CPU.Build.0 = Debug|Any CPU
		{F0FF2BBC-425A-4DEB-AB0D-590B54E02EF3}.Release|Any CPU.ActiveCfg = Release|Any CPU
		{F0FF2BBC-425A-4DEB-AB0D-590B54E02EF3}.Release|Any CPU.Build.0 = Release|Any CPU
		{1850D539-6DCD-46C3-B229-D14B3960AA5C}.Debug|Any CPU.ActiveCfg = Debug|Any CPU
		{1850D539-6DCD-46C3-B229-D14B3960AA5C}.Debug|Any CPU.Build.0 = Debug|Any CPU
		{1850D539-6DCD-46C3-B229-D14B3960AA5C}.Release|Any CPU.ActiveCfg = Release|Any CPU
		{1850D539-6DCD-46C3-B229-D14B3960AA5C}.Release|Any CPU.Build.0 = Release|Any CPU
		{AF19557C-9EA0-415E-831A-0F14C243FF8B}.Debug|Any CPU.ActiveCfg = Debug|Any CPU
		{AF19557C-9EA0-415E-831A-0F14C243FF8B}.Debug|Any CPU.Build.0 = Debug|Any CPU
		{AF19557C-9EA0-415E-831A-0F14C243FF8B}.Release|Any CPU.ActiveCfg = Release|Any CPU
		{AF19557C-9EA0-415E-831A-0F14C243FF8B}.Release|Any CPU.Build.0 = Release|Any CPU
		{D43CF0D8-2CD3-41EC-A4BF-6CA881E616DB}.Debug|Any CPU.ActiveCfg = Debug|Any CPU
		{D43CF0D8-2CD3-41EC-A4BF-6CA881E616DB}.Debug|Any CPU.Build.0 = Debug|Any CPU
		{D43CF0D8-2CD3-41EC-A4BF-6CA881E616DB}.Release|Any CPU.ActiveCfg = Release|Any CPU
		{D43CF0D8-2CD3-41EC-A4BF-6CA881E616DB}.Release|Any CPU.Build.0 = Release|Any CPU
		{00855522-5B2D-4868-9103-7ABAB16783F0}.Debug|Any CPU.ActiveCfg = Debug|Any CPU
		{00855522-5B2D-4868-9103-7ABAB16783F0}.Debug|Any CPU.Build.0 = Debug|Any CPU
		{00855522-5B2D-4868-9103-7ABAB16783F0}.Release|Any CPU.ActiveCfg = Release|Any CPU
		{00855522-5B2D-4868-9103-7ABAB16783F0}.Release|Any CPU.Build.0 = Release|Any CPU
		{B0B824F4-0D7D-4CC3-B5E9-6B5E3A69BE7B}.Debug|Any CPU.ActiveCfg = Debug|Any CPU
		{B0B824F4-0D7D-4CC3-B5E9-6B5E3A69BE7B}.Debug|Any CPU.Build.0 = Debug|Any CPU
		{B0B824F4-0D7D-4CC3-B5E9-6B5E3A69BE7B}.Release|Any CPU.ActiveCfg = Release|Any CPU
		{B0B824F4-0D7D-4CC3-B5E9-6B5E3A69BE7B}.Release|Any CPU.Build.0 = Release|Any CPU
	EndGlobalSection
	GlobalSection(SolutionProperties) = preSolution
		HideSolutionNode = FALSE
	EndGlobalSection
EndGlobal
